
Microsoft Visual Studio Solution File, Format Version 12.00
# Visual Studio Version 17
VisualStudioVersion = 17.3.32819.101
MinimumVisualStudioVersion = 10.0.40219.1
Project("{FAE04EC0-301F-11D3-BF4B-00C04F79EFBC}") = "WindowsFormsApp1", "WindowsFormsApp1\WindowsFormsApp1.csproj", "{17E68511-817D-4DBF-A8F1-AF6E6BF9D829}"
EndProject
Global
	GlobalSection(SolutionConfigurationPlatforms) = preSolution
		Debug|Any CPU = Debug|Any CPU
		Release|Any CPU = Release|Any CPU
	EndGlobalSection
	GlobalSection(ProjectConfigurationPlatforms) = postSolution
		{17E68511-817D-4DBF-A8F1-AF6E6BF9D829}.Debug|Any CPU.ActiveCfg = Debug|Any CPU
		{17E68511-817D-4DBF-A8F1-AF6E6BF9D829}.Debug|Any CPU.Build.0 = Debug|Any CPU
		{17E68511-817D-4DBF-A8F1-AF6E6BF9D829}.Release|Any CPU.ActiveCfg = Release|Any CPU
		{17E68511-817D-4DBF-A8F1-AF6E6BF9D829}.Release|Any CPU.Build.0 = Release|Any CPU
	EndGlobalSection
	GlobalSection(SolutionProperties) = preSolution
		HideSolutionNode = FALSE
	EndGlobalSection
	GlobalSection(ExtensibilityGlobals) = postSolution
		SolutionGuid = {0A00953D-60A9-4CD2-A9AB-C9710FBCE8DB}
	EndGlobalSection
EndGlobal
